
Microsoft Visual Studio Solution File, Format Version 12.00
# Visual Studio 15
VisualStudioVersion = 15.0.28307.489
MinimumVisualStudioVersion = 10.0.40219.1
Project("{FAE04EC0-301F-11D3-BF4B-00C04F79EFBC}") = "Sakura.NET", "Sakura.NET.csproj", "{CE440199-BAE8-4823-A587-F47B5D5FCA78}"
EndProject
Global
	GlobalSection(SolutionConfigurationPlatforms) = preSolution
		Debug|x86 = Debug|x86
		Release|x86 = Release|x86
	EndGlobalSection
	GlobalSection(ProjectConfigurationPlatforms) = postSolution
		{CE440199-BAE8-4823-A587-F47B5D5FCA78}.Debug|x86.ActiveCfg = Debug|x86
		{CE440199-BAE8-4823-A587-F47B5D5FCA78}.Debug|x86.Build.0 = Debug|x86
		{CE440199-BAE8-4823-A587-F47B5D5FCA78}.Release|x86.ActiveCfg = Release|x86
		{CE440199-BAE8-4823-A587-F47B5D5FCA78}.Release|x86.Build.0 = Release|x86
	EndGlobalSection
	GlobalSection(SolutionProperties) = preSolution
		HideSolutionNode = FALSE
	EndGlobalSection
	GlobalSection(ExtensibilityGlobals) = postSolution
		SolutionGuid = {5C24EC1A-F0AD-4272-B63F-3EC2A50CBF10}
	EndGlobalSection
EndGlobal
